{
    "name": "example",
    "version": "1.0.0",
    "lockfileVersion": 2,
    "requires": true,
    "packages": {
        "": {
            "name": "example",
            "version": "1.0.0",
            "license": "MIT",
            "dependencies": {
                "dotenv": "^10.0.0",
                "lighouse.js": "../../"
            },
            "devDependencies": {
                "@types/dotenv": "^8.2.0"
            }
        },
        "..": {
            "name": "lighthouse.js",
            "version": "0.1.0",
            "extraneous": true,
            "license": "MIT",
            "dependencies": {
                "@msgpack/msgpack": "^2.7.1",
                "@types/ws": "^8.2.2",
                "uuid": "^8.3.2",
                "ws": "^8.4.0"
            },
            "devDependencies": {
                "@types/node": "^17.0.5",
                "@types/uuid": "^8.3.3",
                "@typescript-eslint/eslint-plugin": "^5.8.0",
                "@typescript-eslint/parser": "^5.8.0",
                "dts-bundle-webpack": "^1.0.2",
                "eslint": "^8.5.0",
                "eslint-config-airbnb-base": "^15.0.0",
                "eslint-config-prettier": "^8.3.0",
                "eslint-import-resolver-typescript": "^2.5.0",
                "eslint-plugin-import": "^2.25.3",
                "eslint-plugin-prettier": "^4.0.0",
                "rimraf": "^3.0.2",
                "ts-loader": "^9.2.6",
                "typescript": "^4.5.4",
                "webpack": "^5.65.0",
                "webpack-cli": "^4.9.1",
                "webpack-node-externals": "^3.0.0"
            }
        },
        "../..": {
            "name": "lighthouse.js",
            "version": "0.1.0",
            "license": "MIT",
            "dependencies": {
                "@msgpack/msgpack": "^2.7.1",
                "@types/ws": "^8.2.2",
                "uuid": "^8.3.2",
                "ws": "^8.4.0"
            },
            "devDependencies": {
                "@types/node": "^17.0.5",
                "@types/uuid": "^8.3.3",
                "@typescript-eslint/eslint-plugin": "^5.8.0",
                "@typescript-eslint/parser": "^5.8.0",
                "dts-bundle-webpack": "^1.0.2",
                "eslint": "^8.5.0",
                "eslint-config-airbnb-base": "^15.0.0",
                "eslint-config-prettier": "^8.3.0",
                "eslint-import-resolver-typescript": "^2.5.0",
                "eslint-plugin-import": "^2.25.3",
                "eslint-plugin-prettier": "^4.0.0",
                "rimraf": "^3.0.2",
                "ts-loader": "^9.2.6",
                "typescript": "^4.5.4",
                "webpack": "^5.65.0",
                "webpack-cli": "^4.9.1",
                "webpack-node-externals": "^3.0.0"
            }
        },
        "node_modules/@types/dotenv": {
            "version": "8.2.0",
            "resolved": "https://registry.npmjs.org/@types/dotenv/-/dotenv-8.2.0.tgz",
            "integrity": "sha512-ylSC9GhfRH7m1EUXBXofhgx4lUWmFeQDINW5oLuS+gxWdfUeW4zJdeVTYVkexEW+e2VUvlZR2kGnGGipAWR7kw==",
            "deprecated": "This is a stub types definition. dotenv provides its own type definitions, so you do not need this installed.",
            "dev": true,
            "dependencies": {
                "dotenv": "*"
            }
        },
        "node_modules/dotenv": {
            "version": "10.0.0",
            "resolved": "https://registry.npmjs.org/dotenv/-/dotenv-10.0.0.tgz",
            "integrity": "sha512-rlBi9d8jpv9Sf1klPjNfFAuWDjKLwTIJJ/VxtoTwIR6hnZxcEOQCZg2oIL3MWBYw5GpUDKOEnND7LXTbIpQ03Q==",
            "engines": {
                "node": ">=10"
            }
        },
        "node_modules/lighouse.js": {
            "resolved": "../..",
            "link": true
        }
    },
    "dependencies": {
        "@types/dotenv": {
            "version": "8.2.0",
            "resolved": "https://registry.npmjs.org/@types/dotenv/-/dotenv-8.2.0.tgz",
            "integrity": "sha512-ylSC9GhfRH7m1EUXBXofhgx4lUWmFeQDINW5oLuS+gxWdfUeW4zJdeVTYVkexEW+e2VUvlZR2kGnGGipAWR7kw==",
            "dev": true,
            "requires": {
                "dotenv": "*"
            }
        },
        "dotenv": {
            "version": "10.0.0",
            "resolved": "https://registry.npmjs.org/dotenv/-/dotenv-10.0.0.tgz",
            "integrity": "sha512-rlBi9d8jpv9Sf1klPjNfFAuWDjKLwTIJJ/VxtoTwIR6hnZxcEOQCZg2oIL3MWBYw5GpUDKOEnND7LXTbIpQ03Q=="
        },
        "lighouse.js": {
            "version": "file:../..",
            "requires": {
                "@msgpack/msgpack": "^2.7.1",
                "@types/node": "^17.0.5",
                "@types/uuid": "^8.3.3",
                "@types/ws": "^8.2.2",
                "@typescript-eslint/eslint-plugin": "^5.8.0",
                "@typescript-eslint/parser": "^5.8.0",
                "dts-bundle-webpack": "^1.0.2",
                "eslint": "^8.5.0",
                "eslint-config-airbnb-base": "^15.0.0",
                "eslint-config-prettier": "^8.3.0",
                "eslint-import-resolver-typescript": "^2.5.0",
                "eslint-plugin-import": "^2.25.3",
                "eslint-plugin-prettier": "^4.0.0",
                "rimraf": "^3.0.2",
                "ts-loader": "^9.2.6",
                "typescript": "^4.5.4",
                "uuid": "^8.3.2",
                "webpack": "^5.65.0",
                "webpack-cli": "^4.9.1",
                "webpack-node-externals": "^3.0.0",
                "ws": "^8.4.0"
            }
        }
    }
}
